// !$*UTF8*$!
{
	archiveVersion = 1;
	classes = {
	};
	objectVersion = 46;
	objects = {

/* Begin PBXBuildFile section */
		843F1D881B60405D0001016B /* SuperPooperMegaWasherTest.m in Sources */ = {isa = PBXBuildFile; fileRef = 843F1D871B60405D0001016B /* SuperPooperMegaWasherTest.m */; };
		8443A6A61B6ED78B00FF9B09 /* BNAlphabet.m in Sources */ = {isa = PBXBuildFile; fileRef = 8443A6A51B6ED78B00FF9B09 /* BNAlphabet.m */; };
		8443A6AC1B6ED7B600FF9B09 /* BNRangeAlphabet.m in Sources */ = {isa = PBXBuildFile; fileRef = 8443A6AB1B6ED7B600FF9B09 /* BNRangeAlphabet.m */; };
		8443A6AF1B6ED7DC00FF9B09 /* BNArrayAlphabet.m in Sources */ = {isa = PBXBuildFile; fileRef = 8443A6AE1B6ED7DC00FF9B09 /* BNArrayAlphabet.m */; };
		8443A6B21B6ED7F000FF9B09 /* BNStringsAlphabet.m in Sources */ = {isa = PBXBuildFile; fileRef = 8443A6B11B6ED7F000FF9B09 /* BNStringsAlphabet.m */; };
		8443A6B51B6EE40100FF9B09 /* BNDictionaryAlphabet.m in Sources */ = {isa = PBXBuildFile; fileRef = 8443A6B41B6EE40100FF9B09 /* BNDictionaryAlphabet.m */; };
		8443A6B71B6FB59E00FF9B09 /* BNStringExtensionsTest.m in Sources */ = {isa = PBXBuildFile; fileRef = 8443A6B61B6FB59E00FF9B09 /* BNStringExtensionsTest.m */; };
		845518C21B6576AA00D21CFA /* main.m in Sources */ = {isa = PBXBuildFile; fileRef = 845518C11B6576AA00D21CFA /* main.m */; };
		845518C81B65772E00D21CFA /* NSString+BNExtensions.m in Sources */ = {isa = PBXBuildFile; fileRef = 845518C71B65772E00D21CFA /* NSString+BNExtensions.m */; };
		845AB2481B5F07470076828E /* main.m in Sources */ = {isa = PBXBuildFile; fileRef = 845AB2471B5F07470076828E /* main.m */; };
		845AB2551B5F076F0076828E /* BNCreature.m in Sources */ = {isa = PBXBuildFile; fileRef = 845AB24E1B5F076F0076828E /* BNCreature.m */; };
		845AB2561B5F076F0076828E /* BNFemaleCreature.m in Sources */ = {isa = PBXBuildFile; fileRef = 845AB2501B5F076F0076828E /* BNFemaleCreature.m */; };
		845AB2571B5F076F0076828E /* BNMaleCreature.m in Sources */ = {isa = PBXBuildFile; fileRef = 845AB2521B5F076F0076828E /* BNMaleCreature.m */; };
		845AB2581B5F076F0076828E /* NSObject+BNExtensions.m in Sources */ = {isa = PBXBuildFile; fileRef = 845AB2541B5F076F0076828E /* NSObject+BNExtensions.m */; };
		845AB2611B5F09B10076828E /* main.m in Sources */ = {isa = PBXBuildFile; fileRef = 845AB2601B5F09B10076828E /* main.m */; };
		845AB27A1B5F09D80076828E /* BNBuilding.m in Sources */ = {isa = PBXBuildFile; fileRef = 845AB2681B5F09D80076828E /* BNBuilding.m */; };
		845AB27B1B5F09D80076828E /* BNCarwash.m in Sources */ = {isa = PBXBuildFile; fileRef = 845AB26A1B5F09D80076828E /* BNCarwash.m */; };
		845AB27C1B5F09D80076828E /* BNRoom.m in Sources */ = {isa = PBXBuildFile; fileRef = 845AB26C1B5F09D80076828E /* BNRoom.m */; };
		845AB27D1B5F09D80076828E /* BNAccountant.m in Sources */ = {isa = PBXBuildFile; fileRef = 845AB26F1B5F09D80076828E /* BNAccountant.m */; };
		845AB27E1B5F09D80076828E /* BNCarwasher.m in Sources */ = {isa = PBXBuildFile; fileRef = 845AB2711B5F09D80076828E /* BNCarwasher.m */; };
		845AB27F1B5F09D80076828E /* BNClient.m in Sources */ = {isa = PBXBuildFile; fileRef = 845AB2731B5F09D80076828E /* BNClient.m */; };
		845AB2801B5F09D80076828E /* BNBoss.m in Sources */ = {isa = PBXBuildFile; fileRef = 845AB2751B5F09D80076828E /* BNBoss.m */; };
		845AB2811B5F09D80076828E /* BNPerson.m in Sources */ = {isa = PBXBuildFile; fileRef = 845AB2771B5F09D80076828E /* BNPerson.m */; };
		845AB2821B5F09D80076828E /* BNStaff.m in Sources */ = {isa = PBXBuildFile; fileRef = 845AB2791B5F09D80076828E /* BNStaff.m */; };
/* End PBXBuildFile section */

/* Begin PBXCopyFilesBuildPhase section */
		845518BD1B6576AA00D21CFA /* CopyFiles */ = {
			isa = PBXCopyFilesBuildPhase;
			buildActionMask = 2147483647;
			dstPath = /usr/share/man/man1/;
			dstSubfolderSpec = 0;
			files = (
			);
			runOnlyForDeploymentPostprocessing = 1;
		};
		845AB2431B5F07470076828E /* CopyFiles */ = {
			isa = PBXCopyFilesBuildPhase;
			buildActionMask = 2147483647;
			dstPath = /usr/share/man/man1/;
			dstSubfolderSpec = 0;
			files = (
			);
			runOnlyForDeploymentPostprocessing = 1;
		};
		845AB25C1B5F09B00076828E /* CopyFiles */ = {
			isa = PBXCopyFilesBuildPhase;
			buildActionMask = 2147483647;
			dstPath = /usr/share/man/man1/;
			dstSubfolderSpec = 0;
			files = (
			);
			runOnlyForDeploymentPostprocessing = 1;
		};
/* End PBXCopyFilesBuildPhase section */

/* Begin PBXFileReference section */
		843F1D861B60405D0001016B /* SuperPooperMegaWasherTest.h */ = {isa = PBXFileReference; fileEncoding = 4; lastKnownFileType = sourcecode.c.h; name = SuperPooperMegaWasherTest.h; path = Tests/SuperPooperMegaWasherTest.h; sourceTree = "<group>"; };
		843F1D871B60405D0001016B /* SuperPooperMegaWasherTest.m */ = {isa = PBXFileReference; fileEncoding = 4; lastKnownFileType = sourcecode.c.objc; name = SuperPooperMegaWasherTest.m; path = Tests/SuperPooperMegaWasherTest.m; sourceTree = "<group>"; };
		8443A6A41B6ED78B00FF9B09 /* BNAlphabet.h */ = {isa = PBXFileReference; fileEncoding = 4; lastKnownFileType = sourcecode.c.h; name = BNAlphabet.h; path = Alphabet/Source/BNAlphabet.h; sourceTree = SOURCE_ROOT; };
		8443A6A51B6ED78B00FF9B09 /* BNAlphabet.m */ = {isa = PBXFileReference; fileEncoding = 4; lastKnownFileType = sourcecode.c.objc; name = BNAlphabet.m; path = Alphabet/Source/BNAlphabet.m; sourceTree = SOURCE_ROOT; };
		8443A6AA1B6ED7B600FF9B09 /* BNRangeAlphabet.h */ = {isa = PBXFileReference; fileEncoding = 4; lastKnownFileType = sourcecode.c.h; path = BNRangeAlphabet.h; sourceTree = "<group>"; };
		8443A6AB1B6ED7B600FF9B09 /* BNRangeAlphabet.m */ = {isa = PBXFileReference; fileEncoding = 4; lastKnownFileType = sourcecode.c.objc; path = BNRangeAlphabet.m; sourceTree = "<group>"; };
		8443A6AD1B6ED7DC00FF9B09 /* BNArrayAlphabet.h */ = {isa = PBXFileReference; fileEncoding = 4; lastKnownFileType = sourcecode.c.h; path = BNArrayAlphabet.h; sourceTree = "<group>"; };
		8443A6AE1B6ED7DC00FF9B09 /* BNArrayAlphabet.m */ = {isa = PBXFileReference; fileEncoding = 4; lastKnownFileType = sourcecode.c.objc; path = BNArrayAlphabet.m; sourceTree = "<group>"; };
		8443A6B01B6ED7F000FF9B09 /* BNStringsAlphabet.h */ = {isa = PBXFileReference; fileEncoding = 4; lastKnownFileType = sourcecode.c.h; path = BNStringsAlphabet.h; sourceTree = "<group>"; };
		8443A6B11B6ED7F000FF9B09 /* BNStringsAlphabet.m */ = {isa = PBXFileReference; fileEncoding = 4; lastKnownFileType = sourcecode.c.objc; path = BNStringsAlphabet.m; sourceTree = "<group>"; };
		8443A6B31B6EE40100FF9B09 /* BNDictionaryAlphabet.h */ = {isa = PBXFileReference; fileEncoding = 4; lastKnownFileType = sourcecode.c.h; path = BNDictionaryAlphabet.h; sourceTree = "<group>"; };
		8443A6B41B6EE40100FF9B09 /* BNDictionaryAlphabet.m */ = {isa = PBXFileReference; fileEncoding = 4; lastKnownFileType = sourcecode.c.objc; path = BNDictionaryAlphabet.m; sourceTree = "<group>"; };
		8443A6B61B6FB59E00FF9B09 /* BNStringExtensionsTest.m */ = {isa = PBXFileReference; fileEncoding = 4; lastKnownFileType = sourcecode.c.objc; name = BNStringExtensionsTest.m; path = Tests/BNStringExtensionsTest.m; sourceTree = "<group>"; };
		8443A6B91B6FB5FB00FF9B09 /* BNStringExtensionsTest.h */ = {isa = PBXFileReference; fileEncoding = 4; lastKnownFileType = sourcecode.c.h; path = BNStringExtensionsTest.h; sourceTree = "<group>"; };
		845518BF1B6576AA00D21CFA /* StringExtension */ = {isa = PBXFileReference; explicitFileType = "compiled.mach-o.executable"; includeInIndex = 0; path = StringExtension; sourceTree = BUILT_PRODUCTS_DIR; };
		845518C11B6576AA00D21CFA /* main.m */ = {isa = PBXFileReference; lastKnownFileType = sourcecode.c.objc; path = main.m; sourceTree = "<group>"; };
		845518C61B65772E00D21CFA /* NSString+BNExtensions.h */ = {isa = PBXFileReference; fileEncoding = 4; lastKnownFileType = sourcecode.c.h; name = "NSString+BNExtensions.h"; path = "Source/NSString+BNExtensions.h"; sourceTree = "<group>"; };
		845518C71B65772E00D21CFA /* NSString+BNExtensions.m */ = {isa = PBXFileReference; fileEncoding = 4; lastKnownFileType = sourcecode.c.objc; name = "NSString+BNExtensions.m"; path = "Source/NSString+BNExtensions.m"; sourceTree = "<group>"; };
		845AB2451B5F07470076828E /* Creature */ = {isa = PBXFileReference; explicitFileType = "compiled.mach-o.executable"; includeInIndex = 0; path = Creature; sourceTree = BUILT_PRODUCTS_DIR; };
		845AB2471B5F07470076828E /* main.m */ = {isa = PBXFileReference; lastKnownFileType = sourcecode.c.objc; path = main.m; sourceTree = "<group>"; };
		845AB24D1B5F076F0076828E /* BNCreature.h */ = {isa = PBXFileReference; fileEncoding = 4; lastKnownFileType = sourcecode.c.h; path = BNCreature.h; sourceTree = "<group>"; };
		845AB24E1B5F076F0076828E /* BNCreature.m */ = {isa = PBXFileReference; fileEncoding = 4; lastKnownFileType = sourcecode.c.objc; path = BNCreature.m; sourceTree = "<group>"; };
		845AB24F1B5F076F0076828E /* BNFemaleCreature.h */ = {isa = PBXFileReference; fileEncoding = 4; lastKnownFileType = sourcecode.c.h; path = BNFemaleCreature.h; sourceTree = "<group>"; };
		845AB2501B5F076F0076828E /* BNFemaleCreature.m */ = {isa = PBXFileReference; fileEncoding = 4; lastKnownFileType = sourcecode.c.objc; path = BNFemaleCreature.m; sourceTree = "<group>"; };
		845AB2511B5F076F0076828E /* BNMaleCreature.h */ = {isa = PBXFileReference; fileEncoding = 4; lastKnownFileType = sourcecode.c.h; path = BNMaleCreature.h; sourceTree = "<group>"; };
		845AB2521B5F076F0076828E /* BNMaleCreature.m */ = {isa = PBXFileReference; fileEncoding = 4; lastKnownFileType = sourcecode.c.objc; path = BNMaleCreature.m; sourceTree = "<group>"; };
		845AB2531B5F076F0076828E /* NSObject+BNExtensions.h */ = {isa = PBXFileReference; fileEncoding = 4; lastKnownFileType = sourcecode.c.h; path = "NSObject+BNExtensions.h"; sourceTree = "<group>"; };
		845AB2541B5F076F0076828E /* NSObject+BNExtensions.m */ = {isa = PBXFileReference; fileEncoding = 4; lastKnownFileType = sourcecode.c.objc; path = "NSObject+BNExtensions.m"; sourceTree = "<group>"; };
		845AB2591B5F091A0076828E /* Tasks */ = {isa = PBXFileReference; fileEncoding = 4; lastKnownFileType = text; path = Tasks; sourceTree = "<group>"; };
		845AB25E1B5F09B00076828E /* Carwash_1.0 */ = {isa = PBXFileReference; explicitFileType = "compiled.mach-o.executable"; includeInIndex = 0; path = Carwash_1.0; sourceTree = BUILT_PRODUCTS_DIR; };
		845AB2601B5F09B10076828E /* main.m */ = {isa = PBXFileReference; lastKnownFileType = sourcecode.c.objc; path = main.m; sourceTree = "<group>"; };
		845AB2671B5F09D80076828E /* BNBuilding.h */ = {isa = PBXFileReference; fileEncoding = 4; lastKnownFileType = sourcecode.c.h; path = BNBuilding.h; sourceTree = "<group>"; };
		845AB2681B5F09D80076828E /* BNBuilding.m */ = {isa = PBXFileReference; fileEncoding = 4; lastKnownFileType = sourcecode.c.objc; path = BNBuilding.m; sourceTree = "<group>"; };
		845AB2691B5F09D80076828E /* BNCarwash.h */ = {isa = PBXFileReference; fileEncoding = 4; lastKnownFileType = sourcecode.c.h; path = BNCarwash.h; sourceTree = "<group>"; };
		845AB26A1B5F09D80076828E /* BNCarwash.m */ = {isa = PBXFileReference; fileEncoding = 4; lastKnownFileType = sourcecode.c.objc; path = BNCarwash.m; sourceTree = "<group>"; };
		845AB26B1B5F09D80076828E /* BNRoom.h */ = {isa = PBXFileReference; fileEncoding = 4; lastKnownFileType = sourcecode.c.h; path = BNRoom.h; sourceTree = "<group>"; };
		845AB26C1B5F09D80076828E /* BNRoom.m */ = {isa = PBXFileReference; fileEncoding = 4; lastKnownFileType = sourcecode.c.objc; path = BNRoom.m; sourceTree = "<group>"; };
		845AB26E1B5F09D80076828E /* BNAccountant.h */ = {isa = PBXFileReference; fileEncoding = 4; lastKnownFileType = sourcecode.c.h; path = BNAccountant.h; sourceTree = "<group>"; };
		845AB26F1B5F09D80076828E /* BNAccountant.m */ = {isa = PBXFileReference; fileEncoding = 4; lastKnownFileType = sourcecode.c.objc; path = BNAccountant.m; sourceTree = "<group>"; };
		845AB2701B5F09D80076828E /* BNCarwasher.h */ = {isa = PBXFileReference; fileEncoding = 4; lastKnownFileType = sourcecode.c.h; path = BNCarwasher.h; sourceTree = "<group>"; };
		845AB2711B5F09D80076828E /* BNCarwasher.m */ = {isa = PBXFileReference; fileEncoding = 4; lastKnownFileType = sourcecode.c.objc; path = BNCarwasher.m; sourceTree = "<group>"; };
		845AB2721B5F09D80076828E /* BNClient.h */ = {isa = PBXFileReference; fileEncoding = 4; lastKnownFileType = sourcecode.c.h; path = BNClient.h; sourceTree = "<group>"; };
		845AB2731B5F09D80076828E /* BNClient.m */ = {isa = PBXFileReference; fileEncoding = 4; lastKnownFileType = sourcecode.c.objc; path = BNClient.m; sourceTree = "<group>"; };
		845AB2741B5F09D80076828E /* BNBoss.h */ = {isa = PBXFileReference; fileEncoding = 4; lastKnownFileType = sourcecode.c.h; path = BNBoss.h; sourceTree = "<group>"; };
		845AB2751B5F09D80076828E /* BNBoss.m */ = {isa = PBXFileReference; fileEncoding = 4; lastKnownFileType = sourcecode.c.objc; path = BNBoss.m; sourceTree = "<group>"; };
		845AB2761B5F09D80076828E /* BNPerson.h */ = {isa = PBXFileReference; fileEncoding = 4; lastKnownFileType = sourcecode.c.h; path = BNPerson.h; sourceTree = "<group>"; };
		845AB2771B5F09D80076828E /* BNPerson.m */ = {isa = PBXFileReference; fileEncoding = 4; lastKnownFileType = sourcecode.c.objc; path = BNPerson.m; sourceTree = "<group>"; };
		845AB2781B5F09D80076828E /* BNStaff.h */ = {isa = PBXFileReference; fileEncoding = 4; lastKnownFileType = sourcecode.c.h; path = BNStaff.h; sourceTree = "<group>"; };
		845AB2791B5F09D80076828E /* BNStaff.m */ = {isa = PBXFileReference; fileEncoding = 4; lastKnownFileType = sourcecode.c.objc; path = BNStaff.m; sourceTree = "<group>"; };
/* End PBXFileReference section */

/* Begin PBXFrameworksBuildPhase section */
		845518BC1B6576AA00D21CFA /* Frameworks */ = {
			isa = PBXFrameworksBuildPhase;
			buildActionMask = 2147483647;
			files = (
			);
			runOnlyForDeploymentPostprocessing = 0;
		};
		845AB2421B5F07470076828E /* Frameworks */ = {
			isa = PBXFrameworksBuildPhase;
			buildActionMask = 2147483647;
			files = (
			);
			runOnlyForDeploymentPostprocessing = 0;
		};
		845AB25B1B5F09B00076828E /* Frameworks */ = {
			isa = PBXFrameworksBuildPhase;
			buildActionMask = 2147483647;
			files = (
			);
			runOnlyForDeploymentPostprocessing = 0;
		};
/* End PBXFrameworksBuildPhase section */

/* Begin PBXGroup section */
		843F1D891B6040660001016B /* Tests */ = {
			isa = PBXGroup;
			children = (
				843F1D861B60405D0001016B /* SuperPooperMegaWasherTest.h */,
				843F1D871B60405D0001016B /* SuperPooperMegaWasherTest.m */,
			);
			name = Tests;
			sourceTree = "<group>";
		};
		8443A6A71B6ED79300FF9B09 /* Alphabet */ = {
			isa = PBXGroup;
			children = (
				8443A6A81B6ED7A000FF9B09 /* Source */,
				8443A6B81B6FB5A700FF9B09 /* Tests */,
			);
			name = Alphabet;
			sourceTree = "<group>";
		};
		8443A6A81B6ED7A000FF9B09 /* Source */ = {
			isa = PBXGroup;
			children = (
				845518C11B6576AA00D21CFA /* main.m */,
				8443A6A41B6ED78B00FF9B09 /* BNAlphabet.h */,
				8443A6A51B6ED78B00FF9B09 /* BNAlphabet.m */,
				845518C61B65772E00D21CFA /* NSString+BNExtensions.h */,
				845518C71B65772E00D21CFA /* NSString+BNExtensions.m */,
				8443A6A91B6ED7B600FF9B09 /* Private */,
			);
			name = Source;
			sourceTree = "<group>";
		};
		8443A6A91B6ED7B600FF9B09 /* Private */ = {
			isa = PBXGroup;
			children = (
				8443A6AA1B6ED7B600FF9B09 /* BNRangeAlphabet.h */,
				8443A6AB1B6ED7B600FF9B09 /* BNRangeAlphabet.m */,
				8443A6B01B6ED7F000FF9B09 /* BNStringsAlphabet.h */,
				8443A6B11B6ED7F000FF9B09 /* BNStringsAlphabet.m */,
				8443A6AD1B6ED7DC00FF9B09 /* BNArrayAlphabet.h */,
				8443A6AE1B6ED7DC00FF9B09 /* BNArrayAlphabet.m */,
				8443A6B31B6EE40100FF9B09 /* BNDictionaryAlphabet.h */,
				8443A6B41B6EE40100FF9B09 /* BNDictionaryAlphabet.m */,
			);
			name = Private;
			path = Alphabet/Source/Private;
			sourceTree = SOURCE_ROOT;
		};
		8443A6B81B6FB5A700FF9B09 /* Tests */ = {
			isa = PBXGroup;
			children = (
				8443A6B61B6FB59E00FF9B09 /* BNStringExtensionsTest.m */,
				8443A6B91B6FB5FB00FF9B09 /* BNStringExtensionsTest.h */,
			);
			name = Tests;
			sourceTree = "<group>";
		};
		845518C01B6576AA00D21CFA /* StringExtension */ = {
			isa = PBXGroup;
			children = (
				8443A6A71B6ED79300FF9B09 /* Alphabet */,
			);
			path = StringExtension;
			sourceTree = "<group>";
		};
		845AB2051B5F05450076828E = {
			isa = PBXGroup;
			children = (
				845AB2591B5F091A0076828E /* Tasks */,
				845AB2461B5F07470076828E /* Creature */,
				845AB25F1B5F09B10076828E /* Carwash_1.0 */,
				845518C01B6576AA00D21CFA /* StringExtension */,
				845AB20F1B5F05450076828E /* Products */,
			);
			sourceTree = "<group>";
		};
		845AB20F1B5F05450076828E /* Products */ = {
			isa = PBXGroup;
			children = (
				845AB2451B5F07470076828E /* Creature */,
				845AB25E1B5F09B00076828E /* Carwash_1.0 */,
				845518BF1B6576AA00D21CFA /* StringExtension */,
			);
			name = Products;
			sourceTree = "<group>";
		};
		845AB2461B5F07470076828E /* Creature */ = {
			isa = PBXGroup;
			children = (
				845AB24C1B5F076F0076828E /* Creature */,
				845AB2471B5F07470076828E /* main.m */,
			);
			path = Creature;
			sourceTree = "<group>";
		};
		845AB24C1B5F076F0076828E /* Creature */ = {
			isa = PBXGroup;
			children = (
				845AB24D1B5F076F0076828E /* BNCreature.h */,
				845AB24E1B5F076F0076828E /* BNCreature.m */,
				845AB24F1B5F076F0076828E /* BNFemaleCreature.h */,
				845AB2501B5F076F0076828E /* BNFemaleCreature.m */,
				845AB2511B5F076F0076828E /* BNMaleCreature.h */,
				845AB2521B5F076F0076828E /* BNMaleCreature.m */,
				845AB2531B5F076F0076828E /* NSObject+BNExtensions.h */,
				845AB2541B5F076F0076828E /* NSObject+BNExtensions.m */,
			);
			path = Creature;
			sourceTree = "<group>";
		};
		845AB25F1B5F09B10076828E /* Carwash_1.0 */ = {
			isa = PBXGroup;
			children = (
				845AB2651B5F09D80076828E /* Source */,
				845AB2601B5F09B10076828E /* main.m */,
				843F1D891B6040660001016B /* Tests */,
			);
			path = Carwash_1.0;
			sourceTree = "<group>";
		};
		845AB2651B5F09D80076828E /* Source */ = {
			isa = PBXGroup;
			children = (
				845AB2661B5F09D80076828E /* Locations */,
				845AB26D1B5F09D80076828E /* People */,
			);
			path = Source;
			sourceTree = "<group>";
		};
		845AB2661B5F09D80076828E /* Locations */ = {
			isa = PBXGroup;
			children = (
				845AB2671B5F09D80076828E /* BNBuilding.h */,
				845AB2681B5F09D80076828E /* BNBuilding.m */,
				845AB2691B5F09D80076828E /* BNCarwash.h */,
				845AB26A1B5F09D80076828E /* BNCarwash.m */,
				845AB26B1B5F09D80076828E /* BNRoom.h */,
				845AB26C1B5F09D80076828E /* BNRoom.m */,
			);
			path = Locations;
			sourceTree = "<group>";
		};
		845AB26D1B5F09D80076828E /* People */ = {
			isa = PBXGroup;
			children = (
				845AB26E1B5F09D80076828E /* BNAccountant.h */,
				845AB26F1B5F09D80076828E /* BNAccountant.m */,
				845AB2701B5F09D80076828E /* BNCarwasher.h */,
				845AB2711B5F09D80076828E /* BNCarwasher.m */,
				845AB2721B5F09D80076828E /* BNClient.h */,
				845AB2731B5F09D80076828E /* BNClient.m */,
				845AB2741B5F09D80076828E /* BNBoss.h */,
				845AB2751B5F09D80076828E /* BNBoss.m */,
				845AB2761B5F09D80076828E /* BNPerson.h */,
				845AB2771B5F09D80076828E /* BNPerson.m */,
				845AB2781B5F09D80076828E /* BNStaff.h */,
				845AB2791B5F09D80076828E /* BNStaff.m */,
			);
			path = People;
			sourceTree = "<group>";
		};
/* End PBXGroup section */

/* Begin PBXNativeTarget section */
		845518BE1B6576AA00D21CFA /* StringExtension */ = {
			isa = PBXNativeTarget;
			buildConfigurationList = 845518C51B6576AB00D21CFA /* Build configuration list for PBXNativeTarget "StringExtension" */;
			buildPhases = (
				845518BB1B6576AA00D21CFA /* Sources */,
				845518BC1B6576AA00D21CFA /* Frameworks */,
				845518BD1B6576AA00D21CFA /* CopyFiles */,
			);
			buildRules = (
			);
			dependencies = (
			);
			name = StringExtension;
			productName = StringExtension;
			productReference = 845518BF1B6576AA00D21CFA /* StringExtension */;
			productType = "com.apple.product-type.tool";
		};
		845AB2441B5F07470076828E /* Creature */ = {
			isa = PBXNativeTarget;
			buildConfigurationList = 845AB2491B5F07470076828E /* Build configuration list for PBXNativeTarget "Creature" */;
			buildPhases = (
				845AB2411B5F07470076828E /* Sources */,
				845AB2421B5F07470076828E /* Frameworks */,
				845AB2431B5F07470076828E /* CopyFiles */,
			);
			buildRules = (
			);
			dependencies = (
			);
			name = Creature;
			productName = Creature;
			productReference = 845AB2451B5F07470076828E /* Creature */;
			productType = "com.apple.product-type.tool";
		};
		845AB25D1B5F09B00076828E /* Carwash_1.0 */ = {
			isa = PBXNativeTarget;
			buildConfigurationList = 845AB2621B5F09B10076828E /* Build configuration list for PBXNativeTarget "Carwash_1.0" */;
			buildPhases = (
				845AB25A1B5F09B00076828E /* Sources */,
				845AB25B1B5F09B00076828E /* Frameworks */,
				845AB25C1B5F09B00076828E /* CopyFiles */,
			);
			buildRules = (
			);
			dependencies = (
			);
			name = Carwash_1.0;
			productName = Carwash_1.0;
			productReference = 845AB25E1B5F09B00076828E /* Carwash_1.0 */;
			productType = "com.apple.product-type.tool";
		};
/* End PBXNativeTarget section */

/* Begin PBXProject section */
		845AB2061B5F05450076828E /* Project object */ = {
			isa = PBXProject;
			attributes = {
				LastUpgradeCheck = 0640;
				ORGANIZATIONNAME = BenNovikov;
				TargetAttributes = {
					845518BE1B6576AA00D21CFA = {
						CreatedOnToolsVersion = 6.4;
					};
					845AB2441B5F07470076828E = {
						CreatedOnToolsVersion = 6.4;
					};
					845AB25D1B5F09B00076828E = {
						CreatedOnToolsVersion = 6.4;
					};
				};
			};
			buildConfigurationList = 845AB2091B5F05450076828E /* Build configuration list for PBXProject "Course" */;
			compatibilityVersion = "Xcode 3.2";
			developmentRegion = English;
			hasScannedForEncodings = 0;
			knownRegions = (
				en,
			);
			mainGroup = 845AB2051B5F05450076828E;
			productRefGroup = 845AB20F1B5F05450076828E /* Products */;
			projectDirPath = "";
			projectRoot = "";
			targets = (
				845AB2441B5F07470076828E /* Creature */,
				845AB25D1B5F09B00076828E /* Carwash_1.0 */,
				845518BE1B6576AA00D21CFA /* StringExtension */,
			);
		};
/* End PBXProject section */

/* Begin PBXSourcesBuildPhase section */
		845518BB1B6576AA00D21CFA /* Sources */ = {
			isa = PBXSourcesBuildPhase;
			buildActionMask = 2147483647;
			files = (
				8443A6AF1B6ED7DC00FF9B09 /* BNArrayAlphabet.m in Sources */,
				845518C21B6576AA00D21CFA /* main.m in Sources */,
				8443A6B71B6FB59E00FF9B09 /* BNStringExtensionsTest.m in Sources */,
				845518C81B65772E00D21CFA /* NSString+BNExtensions.m in Sources */,
				8443A6B21B6ED7F000FF9B09 /* BNStringsAlphabet.m in Sources */,
				8443A6AC1B6ED7B600FF9B09 /* BNRangeAlphabet.m in Sources */,
				8443A6B51B6EE40100FF9B09 /* BNDictionaryAlphabet.m in Sources */,
				8443A6A61B6ED78B00FF9B09 /* BNAlphabet.m in Sources */,
			);
			runOnlyForDeploymentPostprocessing = 0;
		};
		845AB2411B5F07470076828E /* Sources */ = {
			isa = PBXSourcesBuildPhase;
			buildActionMask = 2147483647;
			files = (
				845AB2551B5F076F0076828E /* BNCreature.m in Sources */,
				845AB2581B5F076F0076828E /* NSObject+BNExtensions.m in Sources */,
				845AB2571B5F076F0076828E /* BNMaleCreature.m in Sources */,
				845AB2481B5F07470076828E /* main.m in Sources */,
				845AB2561B5F076F0076828E /* BNFemaleCreature.m in Sources */,
			);
			runOnlyForDeploymentPostprocessing = 0;
		};
		845AB25A1B5F09B00076828E /* Sources */ = {
			isa = PBXSourcesBuildPhase;
			buildActionMask = 2147483647;
			files = (
				845AB2821B5F09D80076828E /* BNStaff.m in Sources */,
				845AB27C1B5F09D80076828E /* BNRoom.m in Sources */,
				845AB2811B5F09D80076828E /* BNPerson.m in Sources */,
				845AB2801B5F09D80076828E /* BNBoss.m in Sources */,
				845AB27B1B5F09D80076828E /* BNCarwash.m in Sources */,
				845AB2611B5F09B10076828E /* main.m in Sources */,
				845AB27F1B5F09D80076828E /* BNClient.m in Sources */,
				845AB27D1B5F09D80076828E /* BNAccountant.m in Sources */,
				845AB27E1B5F09D80076828E /* BNCarwasher.m in Sources */,
				843F1D881B60405D0001016B /* SuperPooperMegaWasherTest.m in Sources */,
				845AB27A1B5F09D80076828E /* BNBuilding.m in Sources */,
			);
			runOnlyForDeploymentPostprocessing = 0;
		};
/* End PBXSourcesBuildPhase section */

/* Begin XCBuildConfiguration section */
		845518C31B6576AA00D21CFA /* Debug */ = {
			isa = XCBuildConfiguration;
			buildSettings = {
				CLANG_ENABLE_OBJC_ARC = NO;
				GCC_PREPROCESSOR_DEFINITIONS = (
					"DEBUG=1",
					"$(inherited)",
				);
				PRODUCT_NAME = "$(TARGET_NAME)";
			};
			name = Debug;
		};
		845518C41B6576AA00D21CFA /* Release */ = {
			isa = XCBuildConfiguration;
			buildSettings = {
				CLANG_ENABLE_OBJC_ARC = NO;
				PRODUCT_NAME = "$(TARGET_NAME)";
			};
			name = Release;
		};
		845AB2131B5F05450076828E /* Debug */ = {
			isa = XCBuildConfiguration;
			buildSettings = {
				ALWAYS_SEARCH_USER_PATHS = NO;
				CLANG_CXX_LANGUAGE_STANDARD = "gnu++0x";
				CLANG_CXX_LIBRARY = "libc++";
				CLANG_ENABLE_MODULES = YES;
				CLANG_ENABLE_OBJC_ARC = NO;
				CLANG_WARN_BOOL_CONVERSION = YES;
				CLANG_WARN_CONSTANT_CONVERSION = YES;
				CLANG_WARN_DIRECT_OBJC_ISA_USAGE = YES_ERROR;
				CLANG_WARN_EMPTY_BODY = YES;
				CLANG_WARN_ENUM_CONVERSION = YES;
				CLANG_WARN_INT_CONVERSION = YES;
				CLANG_WARN_OBJC_ROOT_CLASS = YES_ERROR;
				CLANG_WARN_UNREACHABLE_CODE = YES;
				CLANG_WARN__DUPLICATE_METHOD_MATCH = YES;
				COPY_PHASE_STRIP = NO;
				DEBUG_INFORMATION_FORMAT = dwarf;
				ENABLE_STRICT_OBJC_MSGSEND = YES;
				GCC_C_LANGUAGE_STANDARD = gnu99;
				GCC_DYNAMIC_NO_PIC = NO;
				GCC_NO_COMMON_BLOCKS = YES;
				GCC_OPTIMIZATION_LEVEL = 0;
				GCC_PREPROCESSOR_DEFINITIONS = (
					"DEBUG=1",
					"$(inherited)",
				);
				GCC_SYMBOLS_PRIVATE_EXTERN = NO;
				GCC_WARN_64_TO_32_BIT_CONVERSION = YES;
				GCC_WARN_ABOUT_RETURN_TYPE = YES_ERROR;
				GCC_WARN_UNDECLARED_SELECTOR = YES;
				GCC_WARN_UNINITIALIZED_AUTOS = YES_AGGRESSIVE;
				GCC_WARN_UNUSED_FUNCTION = YES;
				GCC_WARN_UNUSED_VARIABLE = YES;
				MACOSX_DEPLOYMENT_TARGET = 10.10;
				MTL_ENABLE_DEBUG_INFO = YES;
				ONLY_ACTIVE_ARCH = YES;
				SDKROOT = macosx;
			};
			name = Debug;
		};
		845AB2141B5F05450076828E /* Release */ = {
			isa = XCBuildConfiguration;
			buildSettings = {
				ALWAYS_SEARCH_USER_PATHS = NO;
				CLANG_CXX_LANGUAGE_STANDARD = "gnu++0x";
				CLANG_CXX_LIBRARY = "libc++";
				CLANG_ENABLE_MODULES = YES;
				CLANG_ENABLE_OBJC_ARC = NO;
				CLANG_WARN_BOOL_CONVERSION = YES;
				CLANG_WARN_CONSTANT_CONVERSION = YES;
				CLANG_WARN_DIRECT_OBJC_ISA_USAGE = YES_ERROR;
				CLANG_WARN_EMPTY_BODY = YES;
				CLANG_WARN_ENUM_CONVERSION = YES;
				CLANG_WARN_INT_CONVERSION = YES;
				CLANG_WARN_OBJC_ROOT_CLASS = YES_ERROR;
				CLANG_WARN_UNREACHABLE_CODE = YES;
				CLANG_WARN__DUPLICATE_METHOD_MATCH = YES;
				COPY_PHASE_STRIP = NO;
				DEBUG_INFORMATION_FORMAT = "dwarf-with-dsym";
				ENABLE_NS_ASSERTIONS = NO;
				ENABLE_STRICT_OBJC_MSGSEND = YES;
				GCC_C_LANGUAGE_STANDARD = gnu99;
				GCC_NO_COMMON_BLOCKS = YES;
				GCC_WARN_64_TO_32_BIT_CONVERSION = YES;
				GCC_WARN_ABOUT_RETURN_TYPE = YES_ERROR;
				GCC_WARN_UNDECLARED_SELECTOR = YES;
				GCC_WARN_UNINITIALIZED_AUTOS = YES_AGGRESSIVE;
				GCC_WARN_UNUSED_FUNCTION = YES;
				GCC_WARN_UNUSED_VARIABLE = YES;
				MACOSX_DEPLOYMENT_TARGET = 10.10;
				MTL_ENABLE_DEBUG_INFO = NO;
				SDKROOT = macosx;
			};
			name = Release;
		};
		845AB24A1B5F07470076828E /* Debug */ = {
			isa = XCBuildConfiguration;
			buildSettings = {
				CLANG_ENABLE_OBJC_ARC = NO;
				GCC_PREPROCESSOR_DEFINITIONS = (
					"DEBUG=1",
					"$(inherited)",
				);
				PRODUCT_NAME = "$(TARGET_NAME)";
			};
			name = Debug;
		};
		845AB24B1B5F07470076828E /* Release */ = {
			isa = XCBuildConfiguration;
			buildSettings = {
				CLANG_ENABLE_OBJC_ARC = NO;
				PRODUCT_NAME = "$(TARGET_NAME)";
			};
			name = Release;
		};
		845AB2631B5F09B10076828E /* Debug */ = {
			isa = XCBuildConfiguration;
			buildSettings = {
				CLANG_ENABLE_OBJC_ARC = NO;
				GCC_PREPROCESSOR_DEFINITIONS = (
					"DEBUG=1",
					"$(inherited)",
				);
				PRODUCT_NAME = "$(TARGET_NAME)";
			};
			name = Debug;
		};
		845AB2641B5F09B10076828E /* Release */ = {
			isa = XCBuildConfiguration;
			buildSettings = {
				CLANG_ENABLE_OBJC_ARC = NO;
				PRODUCT_NAME = "$(TARGET_NAME)";
			};
			name = Release;
		};
/* End XCBuildConfiguration section */

/* Begin XCConfigurationList section */
		845518C51B6576AB00D21CFA /* Build configuration list for PBXNativeTarget "StringExtension" */ = {
			isa = XCConfigurationList;
			buildConfigurations = (
				845518C31B6576AA00D21CFA /* Debug */,
				845518C41B6576AA00D21CFA /* Release */,
			);
			defaultConfigurationIsVisible = 0;
			defaultConfigurationName = Release;
		};
		845AB2091B5F05450076828E /* Build configuration list for PBXProject "Course" */ = {
			isa = XCConfigurationList;
			buildConfigurations = (
				845AB2131B5F05450076828E /* Debug */,
				845AB2141B5F05450076828E /* Release */,
			);
			defaultConfigurationIsVisible = 0;
			defaultConfigurationName = Release;
		};
		845AB2491B5F07470076828E /* Build configuration list for PBXNativeTarget "Creature" */ = {
			isa = XCConfigurationList;
			buildConfigurations = (
				845AB24A1B5F07470076828E /* Debug */,
				845AB24B1B5F07470076828E /* Release */,
			);
			defaultConfigurationIsVisible = 0;
			defaultConfigurationName = Release;
		};
		845AB2621B5F09B10076828E /* Build configuration list for PBXNativeTarget "Carwash_1.0" */ = {
			isa = XCConfigurationList;
			buildConfigurations = (
				845AB2631B5F09B10076828E /* Debug */,
				845AB2641B5F09B10076828E /* Release */,
			);
			defaultConfigurationIsVisible = 0;
			defaultConfigurationName = Release;
		};
/* End XCConfigurationList section */
	};
	rootObject = 845AB2061B5F05450076828E /* Project object */;
}
